
Microsoft Visual Studio Solution File, Format Version 12.00
# Visual Studio Version 16
VisualStudioVersion = 16.0.31105.61
MinimumVisualStudioVersion = 15.0.26124.0
Project("{2150E333-8FDC-42A3-9474-1A3956D46DE8}") = "src", "src", "{36B0B268-BEB8-41AB-9ABC-D4030362F3F1}"
EndProject
Project("{9A19103F-16F7-4668-BE54-9A1E7A4F7556}") = "Datiss.Budget.Web", "src\Datiss.Budget.Web\Datiss.Budget.Web.csproj", "{2297A266-8592-43FE-ADD3-8A38B102D7D6}"
EndProject
Project("{9A19103F-16F7-4668-BE54-9A1E7A4F7556}") = "Datiss.Budget.Services", "src\Datiss.Budget.Services\Datiss.Budget.Services.csproj", "{B2A0D09F-900C-442D-A189-96D9AA4FFC64}"
EndProject
Project("{9A19103F-16F7-4668-BE54-9A1E7A4F7556}") = "Datiss.Budget.ViewModels", "src\Datiss.Budget.ViewModels\Datiss.Budget.ViewModels.csproj", "{C02C3264-B934-41CE-AF65-BEE3DF541AD3}"
EndProject
Project("{9A19103F-16F7-4668-BE54-9A1E7A4F7556}") = "Datiss.Budget.Entities", "src\Datiss.Budget.Entities\Datiss.Budget.Entities.csproj", "{F879045B-B29C-4AF7-B38B-1230617987B1}"
EndProject
Project("{9A19103F-16F7-4668-BE54-9A1E7A4F7556}") = "Datiss.Budget.DataLayer", "src\Datiss.Budget.DataLayer\Datiss.Budget.DataLayer.csproj", "{6CD5A649-DBE1-478A-AD1F-E2A57731283B}"
EndProject
Project("{9A19103F-16F7-4668-BE54-9A1E7A4F7556}") = "Datiss.Budget.Common", "src\Datiss.Budget.Common\Datiss.Budget.Common.csproj", "{35EF6FD8-946A-4A76-94CA-B2D3050F39FD}"
EndProject
Project("{9A19103F-16F7-4668-BE54-9A1E7A4F7556}") = "Datiss.Budget.IocConfig", "src\Datiss.Budget.IocConfig\Datiss.Budget.IocConfig.csproj", "{61DD7F28-AEB8-4B38-8E13-C51EC579F3F0}"
EndProject
Project("{9A19103F-16F7-4668-BE54-9A1E7A4F7556}") = "Datiss.Budget.Resources", "src\Datiss.Budget.Resources\Datiss.Budget.Resources.csproj", "{6E7697D0-6CB1-47F6-950C-3DFC2727E295}"
EndProject
Project("{9A19103F-16F7-4668-BE54-9A1E7A4F7556}") = "Datiss.Budget.Reports", "src\Datiss.Budget.Reports\Datiss.Budget.Reports.csproj", "{0FFD7F4F-5A8F-4E0A-BDB1-111CE776B561}"
EndProject
Project("{FAE04EC0-301F-11D3-BF4B-00C04F79EFBC}") = "Datiss.Budget.Web.Core", "Datiss.Budget.Web.Core\Datiss.Budget.Web.Core.csproj", "{68283BE5-AE8A-48D1-B1FD-A1A79491572F}"
EndProject
Global
	GlobalSection(SolutionConfigurationPlatforms) = preSolution
		Debug|Any CPU = Debug|Any CPU
		Debug|x64 = Debug|x64
		Debug|x86 = Debug|x86
		Release|Any CPU = Release|Any CPU
		Release|x64 = Release|x64
		Release|x86 = Release|x86
	EndGlobalSection
	GlobalSection(ProjectConfigurationPlatforms) = postSolution
		{2297A266-8592-43FE-ADD3-8A38B102D7D6}.Debug|Any CPU.ActiveCfg = Debug|Any CPU
		{2297A266-8592-43FE-ADD3-8A38B102D7D6}.Debug|Any CPU.Build.0 = Debug|Any CPU
		{2297A266-8592-43FE-ADD3-8A38B102D7D6}.Debug|x64.ActiveCfg = Debug|Any CPU
		{2297A266-8592-43FE-ADD3-8A38B102D7D6}.Debug|x64.Build.0 = Debug|Any CPU
		{2297A266-8592-43FE-ADD3-8A38B102D7D6}.Debug|x86.ActiveCfg = Debug|Any CPU
		{2297A266-8592-43FE-ADD3-8A38B102D7D6}.Debug|x86.Build.0 = Debug|Any CPU
		{2297A266-8592-43FE-ADD3-8A38B102D7D6}.Release|Any CPU.ActiveCfg = Release|Any CPU
		{2297A266-8592-43FE-ADD3-8A38B102D7D6}.Release|Any CPU.Build.0 = Release|Any CPU
		{2297A266-8592-43FE-ADD3-8A38B102D7D6}.Release|x64.ActiveCfg = Release|Any CPU
		{2297A266-8592-43FE-ADD3-8A38B102D7D6}.Release|x64.Build.0 = Release|Any CPU
		{2297A266-8592-43FE-ADD3-8A38B102D7D6}.Release|x86.ActiveCfg = Release|Any CPU
		{2297A266-8592-43FE-ADD3-8A38B102D7D6}.Release|x86.Build.0 = Release|Any CPU
		{B2A0D09F-900C-442D-A189-96D9AA4FFC64}.Debug|Any CPU.ActiveCfg = Debug|Any CPU
		{B2A0D09F-900C-442D-A189-96D9AA4FFC64}.Debug|Any CPU.Build.0 = Debug|Any CPU
		{B2A0D09F-900C-442D-A189-96D9AA4FFC64}.Debug|x64.ActiveCfg = Debug|Any CPU
		{B2A0D09F-900C-442D-A189-96D9AA4FFC64}.Debug|x64.Build.0 = Debug|Any CPU
		{B2A0D09F-900C-442D-A189-96D9AA4FFC64}.Debug|x86.ActiveCfg = Debug|Any CPU
		{B2A0D09F-900C-442D-A189-96D9AA4FFC64}.Debug|x86.Build.0 = Debug|Any CPU
		{B2A0D09F-900C-442D-A189-96D9AA4FFC64}.Release|Any CPU.ActiveCfg = Release|Any CPU
		{B2A0D09F-900C-442D-A189-96D9AA4FFC64}.Release|Any CPU.Build.0 = Release|Any CPU
		{B2A0D09F-900C-442D-A189-96D9AA4FFC64}.Release|x64.ActiveCfg = Release|Any CPU
		{B2A0D09F-900C-442D-A189-96D9AA4FFC64}.Release|x64.Build.0 = Release|Any CPU
		{B2A0D09F-900C-442D-A189-96D9AA4FFC64}.Release|x86.ActiveCfg = Release|Any CPU
		{B2A0D09F-900C-442D-A189-96D9AA4FFC64}.Release|x86.Build.0 = Release|Any CPU
		{C02C3264-B934-41CE-AF65-BEE3DF541AD3}.Debug|Any CPU.ActiveCfg = Debug|Any CPU
		{C02C3264-B934-41CE-AF65-BEE3DF541AD3}.Debug|Any CPU.Build.0 = Debug|Any CPU
		{C02C3264-B934-41CE-AF65-BEE3DF541AD3}.Debug|x64.ActiveCfg = Debug|Any CPU
		{C02C3264-B934-41CE-AF65-BEE3DF541AD3}.Debug|x64.Build.0 = Debug|Any CPU
		{C02C3264-B934-41CE-AF65-BEE3DF541AD3}.Debug|x86.ActiveCfg = Debug|Any CPU
		{C02C3264-B934-41CE-AF65-BEE3DF541AD3}.Debug|x86.Build.0 = Debug|Any CPU
		{C02C3264-B934-41CE-AF65-BEE3DF541AD3}.Release|Any CPU.ActiveCfg = Release|Any CPU
		{C02C3264-B934-41CE-AF65-BEE3DF541AD3}.Release|Any CPU.Build.0 = Release|Any CPU
		{C02C3264-B934-41CE-AF65-BEE3DF541AD3}.Release|x64.ActiveCfg = Release|Any CPU
		{C02C3264-B934-41CE-AF65-BEE3DF541AD3}.Release|x64.Build.0 = Release|Any CPU
		{C02C3264-B934-41CE-AF65-BEE3DF541AD3}.Release|x86.ActiveCfg = Release|Any CPU
		{C02C3264-B934-41CE-AF65-BEE3DF541AD3}.Release|x86.Build.0 = Release|Any CPU
		{F879045B-B29C-4AF7-B38B-1230617987B1}.Debug|Any CPU.ActiveCfg = Debug|Any CPU
		{F879045B-B29C-4AF7-B38B-1230617987B1}.Debug|Any CPU.Build.0 = Debug|Any CPU
		{F879045B-B29C-4AF7-B38B-1230617987B1}.Debug|x64.ActiveCfg = Debug|Any CPU
		{F879045B-B29C-4AF7-B38B-1230617987B1}.Debug|x64.Build.0 = Debug|Any CPU
		{F879045B-B29C-4AF7-B38B-1230617987B1}.Debug|x86.ActiveCfg = Debug|Any CPU
		{F879045B-B29C-4AF7-B38B-1230617987B1}.Debug|x86.Build.0 = Debug|Any CPU
		{F879045B-B29C-4AF7-B38B-1230617987B1}.Release|Any CPU.ActiveCfg = Release|Any CPU
		{F879045B-B29C-4AF7-B38B-1230617987B1}.Release|Any CPU.Build.0 = Release|Any CPU
		{F879045B-B29C-4AF7-B38B-1230617987B1}.Release|x64.ActiveCfg = Release|Any CPU
		{F879045B-B29C-4AF7-B38B-1230617987B1}.Release|x64.Build.0 = Release|Any CPU
		{F879045B-B29C-4AF7-B38B-1230617987B1}.Release|x86.ActiveCfg = Release|Any CPU
		{F879045B-B29C-4AF7-B38B-1230617987B1}.Release|x86.Build.0 = Release|Any CPU
		{6CD5A649-DBE1-478A-AD1F-E2A57731283B}.Debug|Any CPU.ActiveCfg = Debug|Any CPU
		{6CD5A649-DBE1-478A-AD1F-E2A57731283B}.Debug|Any CPU.Build.0 = Debug|Any CPU
		{6CD5A649-DBE1-478A-AD1F-E2A57731283B}.Debug|x64.ActiveCfg = Debug|Any CPU
		{6CD5A649-DBE1-478A-AD1F-E2A57731283B}.Debug|x64.Build.0 = Debug|Any CPU
		{6CD5A649-DBE1-478A-AD1F-E2A57731283B}.Debug|x86.ActiveCfg = Debug|Any CPU
		{6CD5A649-DBE1-478A-AD1F-E2A57731283B}.Debug|x86.Build.0 = Debug|Any CPU
		{6CD5A649-DBE1-478A-AD1F-E2A57731283B}.Release|Any CPU.ActiveCfg = Release|Any CPU
		{6CD5A649-DBE1-478A-AD1F-E2A57731283B}.Release|Any CPU.Build.0 = Release|Any CPU
		{6CD5A649-DBE1-478A-AD1F-E2A57731283B}.Release|x64.ActiveCfg = Release|Any CPU
		{6CD5A649-DBE1-478A-AD1F-E2A57731283B}.Release|x64.Build.0 = Release|Any CPU
		{6CD5A649-DBE1-478A-AD1F-E2A57731283B}.Release|x86.ActiveCfg = Release|Any CPU
		{6CD5A649-DBE1-478A-AD1F-E2A57731283B}.Release|x86.Build.0 = Release|Any CPU
		{35EF6FD8-946A-4A76-94CA-B2D3050F39FD}.Debug|Any CPU.ActiveCfg = Debug|Any CPU
		{35EF6FD8-946A-4A76-94CA-B2D3050F39FD}.Debug|Any CPU.Build.0 = Debug|Any CPU
		{35EF6FD8-946A-4A76-94CA-B2D3050F39FD}.Debug|x64.ActiveCfg = Debug|Any CPU
		{35EF6FD8-946A-4A76-94CA-B2D3050F39FD}.Debug|x64.Build.0 = Debug|Any CPU
		{35EF6FD8-946A-4A76-94CA-B2D3050F39FD}.Debug|x86.ActiveCfg = Debug|Any CPU
		{35EF6FD8-946A-4A76-94CA-B2D3050F39FD}.Debug|x86.Build.0 = Debug|Any CPU
		{35EF6FD8-946A-4A76-94CA-B2D3050F39FD}.Release|Any CPU.ActiveCfg = Release|Any CPU
		{35EF6FD8-946A-4A76-94CA-B2D3050F39FD}.Release|Any CPU.Build.0 = Release|Any CPU
		{35EF6FD8-946A-4A76-94CA-B2D3050F39FD}.Release|x64.ActiveCfg = Release|Any CPU
		{35EF6FD8-946A-4A76-94CA-B2D3050F39FD}.Release|x64.Build.0 = Release|Any CPU
		{35EF6FD8-946A-4A76-94CA-B2D3050F39FD}.Release|x86.ActiveCfg = Release|Any CPU
		{35EF6FD8-946A-4A76-94CA-B2D3050F39FD}.Release|x86.Build.0 = Release|Any CPU
		{61DD7F28-AEB8-4B38-8E13-C51EC579F3F0}.Debug|Any CPU.ActiveCfg = Debug|Any CPU
		{61DD7F28-AEB8-4B38-8E13-C51EC579F3F0}.Debug|Any CPU.Build.0 = Debug|Any CPU
		{61DD7F28-AEB8-4B38-8E13-C51EC579F3F0}.Debug|x64.ActiveCfg = Debug|Any CPU
		{61DD7F28-AEB8-4B38-8E13-C51EC579F3F0}.Debug|x64.Build.0 = Debug|Any CPU
		{61DD7F28-AEB8-4B38-8E13-C51EC579F3F0}.Debug|x86.ActiveCfg = Debug|Any CPU
		{61DD7F28-AEB8-4B38-8E13-C51EC579F3F0}.Debug|x86.Build.0 = Debug|Any CPU
		{61DD7F28-AEB8-4B38-8E13-C51EC579F3F0}.Release|Any CPU.ActiveCfg = Release|Any CPU
		{61DD7F28-AEB8-4B38-8E13-C51EC579F3F0}.Release|Any CPU.Build.0 = Release|Any CPU
		{61DD7F28-AEB8-4B38-8E13-C51EC579F3F0}.Release|x64.ActiveCfg = Release|Any CPU
		{61DD7F28-AEB8-4B38-8E13-C51EC579F3F0}.Release|x64.Build.0 = Release|Any CPU
		{61DD7F28-AEB8-4B38-8E13-C51EC579F3F0}.Release|x86.ActiveCfg = Release|Any CPU
		{61DD7F28-AEB8-4B38-8E13-C51EC579F3F0}.Release|x86.Build.0 = Release|Any CPU
		{6E7697D0-6CB1-47F6-950C-3DFC2727E295}.Debug|Any CPU.ActiveCfg = Debug|Any CPU
		{6E7697D0-6CB1-47F6-950C-3DFC2727E295}.Debug|Any CPU.Build.0 = Debug|Any CPU
		{6E7697D0-6CB1-47F6-950C-3DFC2727E295}.Debug|x64.ActiveCfg = Debug|Any CPU
		{6E7697D0-6CB1-47F6-950C-3DFC2727E295}.Debug|x64.Build.0 = Debug|Any CPU
		{6E7697D0-6CB1-47F6-950C-3DFC2727E295}.Debug|x86.ActiveCfg = Debug|Any CPU
		{6E7697D0-6CB1-47F6-950C-3DFC2727E295}.Debug|x86.Build.0 = Debug|Any CPU
		{6E7697D0-6CB1-47F6-950C-3DFC2727E295}.Release|Any CPU.ActiveCfg = Release|Any CPU
		{6E7697D0-6CB1-47F6-950C-3DFC2727E295}.Release|Any CPU.Build.0 = Release|Any CPU
		{6E7697D0-6CB1-47F6-950C-3DFC2727E295}.Release|x64.ActiveCfg = Release|Any CPU
		{6E7697D0-6CB1-47F6-950C-3DFC2727E295}.Release|x64.Build.0 = Release|Any CPU
		{6E7697D0-6CB1-47F6-950C-3DFC2727E295}.Release|x86.ActiveCfg = Release|Any CPU
		{6E7697D0-6CB1-47F6-950C-3DFC2727E295}.Release|x86.Build.0 = Release|Any CPU
		{0FFD7F4F-5A8F-4E0A-BDB1-111CE776B561}.Debug|Any CPU.ActiveCfg = Debug|Any CPU
		{0FFD7F4F-5A8F-4E0A-BDB1-111CE776B561}.Debug|Any CPU.Build.0 = Debug|Any CPU
		{0FFD7F4F-5A8F-4E0A-BDB1-111CE776B561}.Debug|x64.ActiveCfg = Debug|Any CPU
		{0FFD7F4F-5A8F-4E0A-BDB1-111CE776B561}.Debug|x64.Build.0 = Debug|Any CPU
		{0FFD7F4F-5A8F-4E0A-BDB1-111CE776B561}.Debug|x86.ActiveCfg = Debug|Any CPU
		{0FFD7F4F-5A8F-4E0A-BDB1-111CE776B561}.Debug|x86.Build.0 = Debug|Any CPU
		{0FFD7F4F-5A8F-4E0A-BDB1-111CE776B561}.Release|Any CPU.ActiveCfg = Release|Any CPU
		{0FFD7F4F-5A8F-4E0A-BDB1-111CE776B561}.Release|Any CPU.Build.0 = Release|Any CPU
		{0FFD7F4F-5A8F-4E0A-BDB1-111CE776B561}.Release|x64.ActiveCfg = Release|Any CPU
		{0FFD7F4F-5A8F-4E0A-BDB1-111CE776B561}.Release|x64.Build.0 = Release|Any CPU
		{0FFD7F4F-5A8F-4E0A-BDB1-111CE776B561}.Release|x86.ActiveCfg = Release|Any CPU
		{0FFD7F4F-5A8F-4E0A-BDB1-111CE776B561}.Release|x86.Build.0 = Release|Any CPU
		{68283BE5-AE8A-48D1-B1FD-A1A79491572F}.Debug|Any CPU.ActiveCfg = Debug|Any CPU
		{68283BE5-AE8A-48D1-B1FD-A1A79491572F}.Debug|Any CPU.Build.0 = Debug|Any CPU
		{68283BE5-AE8A-48D1-B1FD-A1A79491572F}.Debug|x64.ActiveCfg = Debug|Any CPU
		{68283BE5-AE8A-48D1-B1FD-A1A79491572F}.Debug|x64.Build.0 = Debug|Any CPU
		{68283BE5-AE8A-48D1-B1FD-A1A79491572F}.Debug|x86.ActiveCfg = Debug|Any CPU
		{68283BE5-AE8A-48D1-B1FD-A1A79491572F}.Debug|x86.Build.0 = Debug|Any CPU
		{68283BE5-AE8A-48D1-B1FD-A1A79491572F}.Release|Any CPU.ActiveCfg = Release|Any CPU
		{68283BE5-AE8A-48D1-B1FD-A1A79491572F}.Release|Any CPU.Build.0 = Release|Any CPU
		{68283BE5-AE8A-48D1-B1FD-A1A79491572F}.Release|x64.ActiveCfg = Release|Any CPU
		{68283BE5-AE8A-48D1-B1FD-A1A79491572F}.Release|x64.Build.0 = Release|Any CPU
		{68283BE5-AE8A-48D1-B1FD-A1A79491572F}.Release|x86.ActiveCfg = Release|Any CPU
		{68283BE5-AE8A-48D1-B1FD-A1A79491572F}.Release|x86.Build.0 = Release|Any CPU
	EndGlobalSection
	GlobalSection(SolutionProperties) = preSolution
		HideSolutionNode = FALSE
	EndGlobalSection
	GlobalSection(NestedProjects) = preSolution
		{2297A266-8592-43FE-ADD3-8A38B102D7D6} = {36B0B268-BEB8-41AB-9ABC-D4030362F3F1}
		{B2A0D09F-900C-442D-A189-96D9AA4FFC64} = {36B0B268-BEB8-41AB-9ABC-D4030362F3F1}
		{C02C3264-B934-41CE-AF65-BEE3DF541AD3} = {36B0B268-BEB8-41AB-9ABC-D4030362F3F1}
		{F879045B-B29C-4AF7-B38B-1230617987B1} = {36B0B268-BEB8-41AB-9ABC-D4030362F3F1}
		{6CD5A649-DBE1-478A-AD1F-E2A57731283B} = {36B0B268-BEB8-41AB-9ABC-D4030362F3F1}
		{35EF6FD8-946A-4A76-94CA-B2D3050F39FD} = {36B0B268-BEB8-41AB-9ABC-D4030362F3F1}
		{6E7697D0-6CB1-47F6-950C-3DFC2727E295} = {36B0B268-BEB8-41AB-9ABC-D4030362F3F1}
		{0FFD7F4F-5A8F-4E0A-BDB1-111CE776B561} = {36B0B268-BEB8-41AB-9ABC-D4030362F3F1}
		{68283BE5-AE8A-48D1-B1FD-A1A79491572F} = {36B0B268-BEB8-41AB-9ABC-D4030362F3F1}
	EndGlobalSection
	GlobalSection(ExtensibilityGlobals) = postSolution
		SolutionGuid = {08372540-3D7E-4EB1-AC38-183F50E99556}
	EndGlobalSection
EndGlobal
