{
  "name": "dntcommon.web.core.testwebapp",
  "version": "1.0.0",
  "lockfileVersion": 2,
  "requires": true,
  "packages": {
    "": {
      "name": "dntcommon.web.core.testwebapp",
      "version": "1.0.0",
      "license": "ISC",
      "dependencies": {
        "@ghalamborm/bootstrap4-rtl": "^1.6.0",
        "bootstrap": "^4.3.1",
        "components-font-awesome": "^5.9.0",
        "jquery": "^3.4.1",
        "jquery-ajax-unobtrusive": "^3.2.6",
        "jquery-validation": "^1.19.0",
        "jquery-validation-unobtrusive": "^3.2.11",
        "popper.js": "^1.15.0",
        "samim-font": "^1.0.2"
      }
    },
    "node_modules/@ghalamborm/bootstrap4-rtl": {
      "version": "1.8.0",
      "resolved": "https://registry.npmjs.org/@ghalamborm/bootstrap4-rtl/-/bootstrap4-rtl-1.8.0.tgz",
      "integrity": "sha512-9aWqwyGBYSvQ0HnJP1wHdyByIqAwuVYipBpAI1VBiNNVp/iSBpydL6T/kujTcgYR21YV3MjmAsD1P8L9e5cEwQ=="
    },
    "node_modules/bootstrap": {
      "version": "4.6.0",
      "resolved": "https://registry.npmjs.org/bootstrap/-/bootstrap-4.6.0.tgz",
      "integrity": "sha512-Io55IuQY3kydzHtbGvQya3H+KorS/M9rSNyfCGCg9WZ4pyT/lCxIlpJgG1GXW/PswzC84Tr2fBYi+7+jFVQQBw=="
    },
    "node_modules/components-font-awesome": {
      "version": "5.9.0",
      "resolved": "https://registry.npmjs.org/components-font-awesome/-/components-font-awesome-5.9.0.tgz",
      "integrity": "sha512-AjY5WwmKripvroQ1oYpCC4eK8efavSKUGN/ATgwcbyz/kRmojslH8l6Mrlxq071bdzBrZvCxi+RKgU5ao3bU+A=="
    },
    "node_modules/jquery": {
      "version": "3.6.0",
      "resolved": "https://registry.npmjs.org/jquery/-/jquery-3.6.0.tgz",
      "integrity": "sha512-JVzAR/AjBvVt2BmYhxRCSYysDsPcssdmTFnzyLEts9qNwmjmu4JTAMYubEfwVOSwpQ1I1sKKFcxhZCI2buerfw=="
    },
    "node_modules/jquery-ajax-unobtrusive": {
      "version": "3.2.6",
      "resolved": "https://registry.npmjs.org/jquery-ajax-unobtrusive/-/jquery-ajax-unobtrusive-3.2.6.tgz",
      "integrity": "sha512-95pv3c2Fo94qqzI3nBYFhcnwYlz673jutDa5yvADHv9KnWqQOoE8kZVV+nBASSBZF75XnGBl4EfPzOWFw2i9wQ==",
      "dependencies": {
        "jquery": ">=1.8"
      }
    },
    "node_modules/jquery-validation": {
      "version": "1.19.3",
      "resolved": "https://registry.npmjs.org/jquery-validation/-/jquery-validation-1.19.3.tgz",
      "integrity": "sha512-iXxCS5W7STthSTMFX/NDZfWHBLbJ1behVK3eAgHXAV8/0vRa9M4tiqHvJMr39VGWHMGdlkhrtrkBuaL2UlE8yw=="
    },
    "node_modules/jquery-validation-unobtrusive": {
      "version": "3.2.12",
      "resolved": "https://registry.npmjs.org/jquery-validation-unobtrusive/-/jquery-validation-unobtrusive-3.2.12.tgz",
      "integrity": "sha512-kPixGhVcuat7vZXngGFfSIksy4VlzZcHyRgnBIZdsfVneCU+D5sITC8T8dD/9c9K/Q+qkMlgp7ufJHz93nKSuQ==",
      "dependencies": {
        "jquery": "^3.5.1",
        "jquery-validation": ">=1.16"
      }
    },
    "node_modules/popper.js": {
      "version": "1.16.1",
      "resolved": "https://registry.npmjs.org/popper.js/-/popper.js-1.16.1.tgz",
      "integrity": "sha512-Wb4p1J4zyFTbM+u6WuO4XstYx4Ky9Cewe4DWrel7B0w6VVICvPwdOpotjzcf6eD8TsckVnIMNONQyPIUFOUbCQ=="
    },
    "node_modules/samim-font": {
      "version": "1.0.2",
      "resolved": "https://registry.npmjs.org/samim-font/-/samim-font-1.0.2.tgz",
      "integrity": "sha1-D9xEKfZO2uWgY6Lc9z7eIY13aZo="
    }
  },
  "dependencies": {
    "@ghalamborm/bootstrap4-rtl": {
      "version": "1.8.0",
      "resolved": "https://registry.npmjs.org/@ghalamborm/bootstrap4-rtl/-/bootstrap4-rtl-1.8.0.tgz",
      "integrity": "sha512-9aWqwyGBYSvQ0HnJP1wHdyByIqAwuVYipBpAI1VBiNNVp/iSBpydL6T/kujTcgYR21YV3MjmAsD1P8L9e5cEwQ=="
    },
    "bootstrap": {
      "version": "4.6.0",
      "resolved": "https://registry.npmjs.org/bootstrap/-/bootstrap-4.6.0.tgz",
      "integrity": "sha512-Io55IuQY3kydzHtbGvQya3H+KorS/M9rSNyfCGCg9WZ4pyT/lCxIlpJgG1GXW/PswzC84Tr2fBYi+7+jFVQQBw=="
    },
    "components-font-awesome": {
      "version": "5.9.0",
      "resolved": "https://registry.npmjs.org/components-font-awesome/-/components-font-awesome-5.9.0.tgz",
      "integrity": "sha512-AjY5WwmKripvroQ1oYpCC4eK8efavSKUGN/ATgwcbyz/kRmojslH8l6Mrlxq071bdzBrZvCxi+RKgU5ao3bU+A=="
    },
    "jquery": {
      "version": "3.6.0",
      "resolved": "https://registry.npmjs.org/jquery/-/jquery-3.6.0.tgz",
      "integrity": "sha512-JVzAR/AjBvVt2BmYhxRCSYysDsPcssdmTFnzyLEts9qNwmjmu4JTAMYubEfwVOSwpQ1I1sKKFcxhZCI2buerfw=="
    },
    "jquery-ajax-unobtrusive": {
      "version": "3.2.6",
      "resolved": "https://registry.npmjs.org/jquery-ajax-unobtrusive/-/jquery-ajax-unobtrusive-3.2.6.tgz",
      "integrity": "sha512-95pv3c2Fo94qqzI3nBYFhcnwYlz673jutDa5yvADHv9KnWqQOoE8kZVV+nBASSBZF75XnGBl4EfPzOWFw2i9wQ==",
      "requires": {
        "jquery": ">=1.8"
      }
    },
    "jquery-validation": {
      "version": "1.19.3",
      "resolved": "https://registry.npmjs.org/jquery-validation/-/jquery-validation-1.19.3.tgz",
      "integrity": "sha512-iXxCS5W7STthSTMFX/NDZfWHBLbJ1behVK3eAgHXAV8/0vRa9M4tiqHvJMr39VGWHMGdlkhrtrkBuaL2UlE8yw=="
    },
    "jquery-validation-unobtrusive": {
      "version": "3.2.12",
      "resolved": "https://registry.npmjs.org/jquery-validation-unobtrusive/-/jquery-validation-unobtrusive-3.2.12.tgz",
      "integrity": "sha512-kPixGhVcuat7vZXngGFfSIksy4VlzZcHyRgnBIZdsfVneCU+D5sITC8T8dD/9c9K/Q+qkMlgp7ufJHz93nKSuQ==",
      "requires": {
        "jquery": "^3.5.1",
        "jquery-validation": ">=1.16"
      }
    },
    "popper.js": {
      "version": "1.16.1",
      "resolved": "https://registry.npmjs.org/popper.js/-/popper.js-1.16.1.tgz",
      "integrity": "sha512-Wb4p1J4zyFTbM+u6WuO4XstYx4Ky9Cewe4DWrel7B0w6VVICvPwdOpotjzcf6eD8TsckVnIMNONQyPIUFOUbCQ=="
    },
    "samim-font": {
      "version": "1.0.2",
      "resolved": "https://registry.npmjs.org/samim-font/-/samim-font-1.0.2.tgz",
      "integrity": "sha1-D9xEKfZO2uWgY6Lc9z7eIY13aZo="
    }
  }
}
